
Microsoft Visual Studio Solution File, Format Version 12.00
# Visual Studio 2013
VisualStudioVersion = 12.0.40629.0
MinimumVisualStudioVersion = 10.0.40219.1
Project("{FAE04EC0-301F-11D3-BF4B-00C04F79EFBC}") = "Figaro.Web.ApplicationServices", "Figaro.Web.ApplicationServices.csproj", "{F4349812-BDD3-4922-8104-E40AFF56317E}"
EndProject
Global
	GlobalSection(SolutionConfigurationPlatforms) = preSolution
		DebugDS|x86 = DebugDS|x86
		ReleaseDS|x86 = ReleaseDS|x86
	EndGlobalSection
	GlobalSection(ProjectConfigurationPlatforms) = postSolution
		{F4349812-BDD3-4922-8104-E40AFF56317E}.DebugDS|x86.ActiveCfg = DebugDS|x86
		{F4349812-BDD3-4922-8104-E40AFF56317E}.DebugDS|x86.Build.0 = DebugDS|x86
		{F4349812-BDD3-4922-8104-E40AFF56317E}.ReleaseDS|x86.ActiveCfg = ReleaseDS|x86
		{F4349812-BDD3-4922-8104-E40AFF56317E}.ReleaseDS|x86.Build.0 = ReleaseDS|x86
	EndGlobalSection
	GlobalSection(SolutionProperties) = preSolution
		HideSolutionNode = FALSE
	EndGlobalSection
EndGlobal
